
Microsoft Visual Studio Solution File, Format Version 12.00
# Visual Studio 15
VisualStudioVersion = 15.0.27130.2003
MinimumVisualStudioVersion = 10.0.40219.1
Project("{9A19103F-16F7-4668-BE54-9A1E7A4F7556}") = "huynhthanhviet.net", "huynhthanhviet.net\huynhthanhviet.net.csproj", "{8F0D7070-9364-4FF1-BC3D-ED33F2C0988F}"
EndProject
Project("{E53339B2-1760-4266-BCC7-CA923CBCF16C}") = "docker-compose", "docker-compose.dcproj", "{428C24EE-6EF8-435E-9864-4911DED3D029}"
EndProject
Project("{9A19103F-16F7-4668-BE54-9A1E7A4F7556}") = "vget", "vget\vget.csproj", "{0C930597-68A7-4E02-A2F8-15451443D6B8}"
EndProject
Global
	GlobalSection(SolutionConfigurationPlatforms) = preSolution
		Debug|Any CPU = Debug|Any CPU
		Release|Any CPU = Release|Any CPU
	EndGlobalSection
	GlobalSection(ProjectConfigurationPlatforms) = postSolution
		{8F0D7070-9364-4FF1-BC3D-ED33F2C0988F}.Debug|Any CPU.ActiveCfg = Debug|Any CPU
		{8F0D7070-9364-4FF1-BC3D-ED33F2C0988F}.Debug|Any CPU.Build.0 = Debug|Any CPU
		{8F0D7070-9364-4FF1-BC3D-ED33F2C0988F}.Release|Any CPU.ActiveCfg = Release|Any CPU
		{8F0D7070-9364-4FF1-BC3D-ED33F2C0988F}.Release|Any CPU.Build.0 = Release|Any CPU
		{428C24EE-6EF8-435E-9864-4911DED3D029}.Debug|Any CPU.ActiveCfg = Debug|Any CPU
		{428C24EE-6EF8-435E-9864-4911DED3D029}.Debug|Any CPU.Build.0 = Debug|Any CPU
		{428C24EE-6EF8-435E-9864-4911DED3D029}.Release|Any CPU.ActiveCfg = Release|Any CPU
		{428C24EE-6EF8-435E-9864-4911DED3D029}.Release|Any CPU.Build.0 = Release|Any CPU
		{0C930597-68A7-4E02-A2F8-15451443D6B8}.Debug|Any CPU.ActiveCfg = Debug|Any CPU
		{0C930597-68A7-4E02-A2F8-15451443D6B8}.Debug|Any CPU.Build.0 = Debug|Any CPU
		{0C930597-68A7-4E02-A2F8-15451443D6B8}.Release|Any CPU.ActiveCfg = Release|Any CPU
		{0C930597-68A7-4E02-A2F8-15451443D6B8}.Release|Any CPU.Build.0 = Release|Any CPU
	EndGlobalSection
	GlobalSection(SolutionProperties) = preSolution
		HideSolutionNode = FALSE
	EndGlobalSection
	GlobalSection(ExtensibilityGlobals) = postSolution
		SolutionGuid = {3E19D1E3-1EC6-4D80-842C-89D563D296D7}
	EndGlobalSection
EndGlobal
